
Microsoft Visual Studio Solution File, Format Version 12.00
# Visual Studio 15
Project("{FAE04EC0-301F-11D3-BF4B-00C04F79EFBC}") = "Assembly-CSharp", "Assembly-CSharp.csproj", "{DB02ED4D-0696-CF01-BD36-21801353DB12}"
EndProject
Project("{FAE04EC0-301F-11D3-BF4B-00C04F79EFBC}") = "Oculus.VR", "Oculus.VR.csproj", "{CBED3FA3-E944-9F64-E6BB-10DCC980708E}"
EndProject
Project("{FAE04EC0-301F-11D3-BF4B-00C04F79EFBC}") = "Oculus.Platform", "Oculus.Platform.csproj", "{E68D0CB2-B2AE-5961-A4C6-D6F82A136A40}"
EndProject
Project("{FAE04EC0-301F-11D3-BF4B-00C04F79EFBC}") = "Assembly-CSharp-Editor", "Assembly-CSharp-Editor.csproj", "{BA99C83B-CD84-B5DB-4193-E7A9A28912B3}"
EndProject
Project("{FAE04EC0-301F-11D3-BF4B-00C04F79EFBC}") = "Oculus.VR.Scripts.Editor", "Oculus.VR.Scripts.Editor.csproj", "{6A094369-BC4D-E019-AA24-0DA3E067B02D}"
EndProject
Project("{FAE04EC0-301F-11D3-BF4B-00C04F79EFBC}") = "Oculus.VR.Editor", "Oculus.VR.Editor.csproj", "{885BDE6B-A832-69EB-15FB-A1BC8B9CFC52}"
EndProject
Project("{FAE04EC0-301F-11D3-BF4B-00C04F79EFBC}") = "Oculus.Platform.Editor", "Oculus.Platform.Editor.csproj", "{7A2447E9-2A4D-6C6C-0124-760043EC88D2}"
EndProject
Global
	GlobalSection(SolutionConfigurationPlatforms) = preSolution
		Debug|Any CPU = Debug|Any CPU
		Release|Any CPU = Release|Any CPU
	EndGlobalSection
	GlobalSection(ProjectConfigurationPlatforms) = postSolution
		{DB02ED4D-0696-CF01-BD36-21801353DB12}.Debug|Any CPU.ActiveCfg = Debug|Any CPU
		{DB02ED4D-0696-CF01-BD36-21801353DB12}.Debug|Any CPU.Build.0 = Debug|Any CPU
		{DB02ED4D-0696-CF01-BD36-21801353DB12}.Release|Any CPU.ActiveCfg = Release|Any CPU
		{DB02ED4D-0696-CF01-BD36-21801353DB12}.Release|Any CPU.Build.0 = Release|Any CPU
		{CBED3FA3-E944-9F64-E6BB-10DCC980708E}.Debug|Any CPU.ActiveCfg = Debug|Any CPU
		{CBED3FA3-E944-9F64-E6BB-10DCC980708E}.Debug|Any CPU.Build.0 = Debug|Any CPU
		{CBED3FA3-E944-9F64-E6BB-10DCC980708E}.Release|Any CPU.ActiveCfg = Release|Any CPU
		{CBED3FA3-E944-9F64-E6BB-10DCC980708E}.Release|Any CPU.Build.0 = Release|Any CPU
		{E68D0CB2-B2AE-5961-A4C6-D6F82A136A40}.Debug|Any CPU.ActiveCfg = Debug|Any CPU
		{E68D0CB2-B2AE-5961-A4C6-D6F82A136A40}.Debug|Any CPU.Build.0 = Debug|Any CPU
		{E68D0CB2-B2AE-5961-A4C6-D6F82A136A40}.Release|Any CPU.ActiveCfg = Release|Any CPU
		{E68D0CB2-B2AE-5961-A4C6-D6F82A136A40}.Release|Any CPU.Build.0 = Release|Any CPU
		{BA99C83B-CD84-B5DB-4193-E7A9A28912B3}.Debug|Any CPU.ActiveCfg = Debug|Any CPU
		{BA99C83B-CD84-B5DB-4193-E7A9A28912B3}.Debug|Any CPU.Build.0 = Debug|Any CPU
		{BA99C83B-CD84-B5DB-4193-E7A9A28912B3}.Release|Any CPU.ActiveCfg = Release|Any CPU
		{BA99C83B-CD84-B5DB-4193-E7A9A28912B3}.Release|Any CPU.Build.0 = Release|Any CPU
		{6A094369-BC4D-E019-AA24-0DA3E067B02D}.Debug|Any CPU.ActiveCfg = Debug|Any CPU
		{6A094369-BC4D-E019-AA24-0DA3E067B02D}.Debug|Any CPU.Build.0 = Debug|Any CPU
		{6A094369-BC4D-E019-AA24-0DA3E067B02D}.Release|Any CPU.ActiveCfg = Release|Any CPU
		{6A094369-BC4D-E019-AA24-0DA3E067B02D}.Release|Any CPU.Build.0 = Release|Any CPU
		{885BDE6B-A832-69EB-15FB-A1BC8B9CFC52}.Debug|Any CPU.ActiveCfg = Debug|Any CPU
		{885BDE6B-A832-69EB-15FB-A1BC8B9CFC52}.Debug|Any CPU.Build.0 = Debug|Any CPU
		{885BDE6B-A832-69EB-15FB-A1BC8B9CFC52}.Release|Any CPU.ActiveCfg = Release|Any CPU
		{885BDE6B-A832-69EB-15FB-A1BC8B9CFC52}.Release|Any CPU.Build.0 = Release|Any CPU
		{7A2447E9-2A4D-6C6C-0124-760043EC88D2}.Debug|Any CPU.ActiveCfg = Debug|Any CPU
		{7A2447E9-2A4D-6C6C-0124-760043EC88D2}.Debug|Any CPU.Build.0 = Debug|Any CPU
		{7A2447E9-2A4D-6C6C-0124-760043EC88D2}.Release|Any CPU.ActiveCfg = Release|Any CPU
		{7A2447E9-2A4D-6C6C-0124-760043EC88D2}.Release|Any CPU.Build.0 = Release|Any CPU
	EndGlobalSection
	GlobalSection(SolutionProperties) = preSolution
		HideSolutionNode = FALSE
	EndGlobalSection
	GlobalSection(MonoDevelopProperties) = preSolution
		StartupItem = Assembly-CSharp.csproj
	EndGlobalSection
EndGlobal
